<?xml version="1.0" encoding="utf-8"?>
<Project ToolsVersion="4.0" xmlns="http://schemas.microsoft.com/developer/msbuild/2003">
  <ItemGroup>
    <Filter Include="Pliki źródłowe">
      <UniqueIdentifier>{4FC737F1-C7A5-4376-A066-2A32D752A2FF}</UniqueIdentifier>
      <Extensions>cpp;c;cc;cxx;c++;cppm;ixx;def;odl;idl;hpj;bat;asm;asmx</Extensions>
    </Filter>
    <Filter Include="Pliki nagłówkowe">
      <UniqueIdentifier>{93995380-89BD-4b04-88EB-625FBE52EBFB}</UniqueIdentifier>
      <Extensions>h;hh;hpp;hxx;h++;hm;inl;inc;ipp;xsd</Extensions>
    </Filter>
    <Filter Include="Pliki zasobów">
      <UniqueIdentifier>{67DA6AB6-F800-4c08-8B7A-83BB121AAD01}</UniqueIdentifier>
      <Extensions>rc;ico;cur;bmp;dlg;rc2;rct;bin;rgs;gif;jpg;jpeg;jpe;resx;tiff;tif;png;wav;mfcribbon-ms</Extensions>
    </Filter>
    <Filter Include="Pliki źródłowe\Subroutines">
      <UniqueIdentifier>{1e99eb70-0e39-4266-82bc-943bc57e0838}</UniqueIdentifier>
    </Filter>
    <Filter Include="Pliki źródłowe\Subroutines\Scan">
      <UniqueIdentifier>{c9f1c8d5-3732-4c41-87d1-ee2a93b9fb8f}</UniqueIdentifier>
    </Filter>
    <Filter Include="Pliki źródłowe\Subroutines\Kadane">
      <UniqueIdentifier>{f8f3f3ce-d28b-42b5-b1cc-435c3f5b613e}</UniqueIdentifier>
    </Filter>
    <Filter Include="Pliki źródłowe\Subroutines\Add">
      <UniqueIdentifier>{b8ff19e9-5a6e-46d8-8652-974266c75158}</UniqueIdentifier>
    </Filter>
    <Filter Include="Pliki źródłowe\Subroutines\Remove">
      <UniqueIdentifier>{0bd00703-00ae-447c-a0fc-b7a3042bed42}</UniqueIdentifier>
    </Filter>
  </ItemGroup>
  <ItemGroup>
    <ClCompile Include="Multiple Dementions Kadane Algorithm.cpp">
      <Filter>Pliki źródłowe</Filter>
    </ClCompile>
    <ClCompile Include="scan.cpp">
      <Filter>Pliki źródłowe\Subroutines\Scan</Filter>
    </ClCompile>
    <ClCompile Include="add.cpp">
      <Filter>Pliki źródłowe\Subroutines\Add</Filter>
    </ClCompile>
    <ClCompile Include="remove.cpp">
      <Filter>Pliki źródłowe\Subroutines\Remove</Filter>
    </ClCompile>
    <ClCompile Include="kadane.cpp">
      <Filter>Pliki źródłowe\Subroutines\Kadane</Filter>
    </ClCompile>
  </ItemGroup>
  <ItemGroup>
    <ClInclude Include="scan.h">
      <Filter>Pliki źródłowe\Subroutines\Scan</Filter>
    </ClInclude>
    <ClInclude Include="subroutines.h">
      <Filter>Pliki źródłowe\Subroutines</Filter>
    </ClInclude>
    <ClInclude Include="add.h">
      <Filter>Pliki źródłowe\Subroutines\Add</Filter>
    </ClInclude>
    <ClInclude Include="remove.h">
      <Filter>Pliki źródłowe\Subroutines\Remove</Filter>
    </ClInclude>
    <ClInclude Include="kadane.h">
      <Filter>Pliki źródłowe\Subroutines\Kadane</Filter>
    </ClInclude>
  </ItemGroup>
</Project>